// !$*UTF8*$!
{
	archiveVersion = 1;
	classes = {
	};
	objectVersion = 55;
	objects = {

/* Begin PBXBuildFile section */
		05B1A1502874230600594847 /* LaunchScreen.storyboard in Resources */ = {isa = PBXBuildFile; fileRef = 05B1A14E2874230600594847 /* LaunchScreen.storyboard */; };
		615B4C4C6B2314C989D6BE6B /* CoreDataStack.swift in Sources */ = {isa = PBXBuildFile; fileRef = 615B4DAF9160810EC600C1EE /* CoreDataStack.swift */; };
		615B4DA81F5D1C81D78222B6 /* CoreDataProvider.swift in Sources */ = {isa = PBXBuildFile; fileRef = 615B4FB28A16B4955237CA8F /* CoreDataProvider.swift */; };
		C2DD00492877B87D00F20EEB /* Model.xcdatamodeld in Sources */ = {isa = PBXBuildFile; fileRef = C2DD00472877B87D00F20EEB /* Model.xcdatamodeld */; };
		F8843053FE45C3D0EA437CA5 /* SecondaryViewController.swift in Sources */ = {isa = PBXBuildFile; fileRef = F88432750B4C6A935AD1A307 /* SecondaryViewController.swift */; };
		F88430C4B1E401F4FE1074AC /* Factory.swift in Sources */ = {isa = PBXBuildFile; fileRef = F8843BA48EFDE76951AF0BB4 /* Factory.swift */; };
		F884310A79762D39EAC808A1 /* AppDelegate.swift in Sources */ = {isa = PBXBuildFile; fileRef = F88436021A4CCC76D419DFCC /* AppDelegate.swift */; };
		F884325765283BD59E9B4B54 /* TableViewDataSource.swift in Sources */ = {isa = PBXBuildFile; fileRef = F88437D52E1EB117058EF75E /* TableViewDataSource.swift */; };
		F88432619A954CC6659355A0 /* Website.swift in Sources */ = {isa = PBXBuildFile; fileRef = F8843BBA9F7B699712B42D5E /* Website.swift */; };
		F88432DED497AA1A33A2D4BA /* PrimaryViewController.swift in Sources */ = {isa = PBXBuildFile; fileRef = F8843D9001974B3B6EA201D1 /* PrimaryViewController.swift */; };
		F884334C05AF2DD976D0D5D3 /* UIView+ext.swift in Sources */ = {isa = PBXBuildFile; fileRef = F88438A12EDEBA85B735716E /* UIView+ext.swift */; };
		F88436B4CD4DF86B6FAA7C13 /* TableViewDelegate.swift in Sources */ = {isa = PBXBuildFile; fileRef = F8843A2211712D894ADFA42B /* TableViewDelegate.swift */; };
		F884390958B644E9F41F2BBF /* SceneDelegate.swift in Sources */ = {isa = PBXBuildFile; fileRef = F8843ABEAA0E8C15F9DC4A11 /* SceneDelegate.swift */; };
		F8843BC5A82ED11EFFAE8E7C /* Assets.xcassets in Resources */ = {isa = PBXBuildFile; fileRef = F88439FB777C9172BA111ADD /* Assets.xcassets */; };
		F8843C5A3031302B513B9B62 /* SplitViewController.swift in Sources */ = {isa = PBXBuildFile; fileRef = F8843F1772FFB019368DCCDC /* SplitViewController.swift */; };
		F8843CAD181C59A4D455718C /* WebsiteTableViewCell.swift in Sources */ = {isa = PBXBuildFile; fileRef = F884394F9935F294AA55907E /* WebsiteTableViewCell.swift */; };
		F8843D333E60D4FB70CC6010 /* AlertView.swift in Sources */ = {isa = PBXBuildFile; fileRef = F88436383C74E87DC1407CCA /* AlertView.swift */; };
		F8843FFB187854832DAFD413 /* BaseViewController.swift in Sources */ = {isa = PBXBuildFile; fileRef = F884367C9AE4BB3435A43AE4 /* BaseViewController.swift */; };
/* End PBXBuildFile section */

/* Begin PBXFileReference section */
		05B1A1402874230600594847 /* Web-Browser.app */ = {isa = PBXFileReference; explicitFileType = wrapper.application; includeInIndex = 0; path = "Web-Browser.app"; sourceTree = BUILT_PRODUCTS_DIR; };
		05B1A14F2874230600594847 /* Base */ = {isa = PBXFileReference; lastKnownFileType = file.storyboard; name = Base; path = Base.lproj/LaunchScreen.storyboard; sourceTree = "<group>"; };
		615B4DAF9160810EC600C1EE /* CoreDataStack.swift */ = {isa = PBXFileReference; fileEncoding = 4; lastKnownFileType = sourcecode.swift; path = CoreDataStack.swift; sourceTree = "<group>"; };
		615B4FB28A16B4955237CA8F /* CoreDataProvider.swift */ = {isa = PBXFileReference; fileEncoding = 4; lastKnownFileType = sourcecode.swift; path = CoreDataProvider.swift; sourceTree = "<group>"; };
		C2DD00482877B87D00F20EEB /* Model.xcdatamodel */ = {isa = PBXFileReference; lastKnownFileType = wrapper.xcdatamodel; path = Model.xcdatamodel; sourceTree = "<group>"; };
		F88432750B4C6A935AD1A307 /* SecondaryViewController.swift */ = {isa = PBXFileReference; fileEncoding = 4; lastKnownFileType = sourcecode.swift; path = SecondaryViewController.swift; sourceTree = "<group>"; };
		F88436021A4CCC76D419DFCC /* AppDelegate.swift */ = {isa = PBXFileReference; fileEncoding = 4; lastKnownFileType = sourcecode.swift; path = AppDelegate.swift; sourceTree = "<group>"; };
		F88436383C74E87DC1407CCA /* AlertView.swift */ = {isa = PBXFileReference; fileEncoding = 4; lastKnownFileType = sourcecode.swift; path = AlertView.swift; sourceTree = "<group>"; };
		F884367C9AE4BB3435A43AE4 /* BaseViewController.swift */ = {isa = PBXFileReference; fileEncoding = 4; lastKnownFileType = sourcecode.swift; path = BaseViewController.swift; sourceTree = "<group>"; };
		F88437D52E1EB117058EF75E /* TableViewDataSource.swift */ = {isa = PBXFileReference; fileEncoding = 4; lastKnownFileType = sourcecode.swift; path = TableViewDataSource.swift; sourceTree = "<group>"; };
		F88438A12EDEBA85B735716E /* UIView+ext.swift */ = {isa = PBXFileReference; fileEncoding = 4; lastKnownFileType = sourcecode.swift; path = "UIView+ext.swift"; sourceTree = "<group>"; };
		F884394F9935F294AA55907E /* WebsiteTableViewCell.swift */ = {isa = PBXFileReference; fileEncoding = 4; lastKnownFileType = sourcecode.swift; path = WebsiteTableViewCell.swift; sourceTree = "<group>"; };
		F88439FB777C9172BA111ADD /* Assets.xcassets */ = {isa = PBXFileReference; lastKnownFileType = folder.assetcatalog; path = Assets.xcassets; sourceTree = "<group>"; };
		F8843A2211712D894ADFA42B /* TableViewDelegate.swift */ = {isa = PBXFileReference; fileEncoding = 4; lastKnownFileType = sourcecode.swift; path = TableViewDelegate.swift; sourceTree = "<group>"; };
		F8843ABEAA0E8C15F9DC4A11 /* SceneDelegate.swift */ = {isa = PBXFileReference; fileEncoding = 4; lastKnownFileType = sourcecode.swift; path = SceneDelegate.swift; sourceTree = "<group>"; };
		F8843B1DCC831C210B61E499 /* Info.plist */ = {isa = PBXFileReference; fileEncoding = 4; lastKnownFileType = text.plist.xml; name = Info.plist; path = "Web-Browser/Supporting Files/Info.plist"; sourceTree = SOURCE_ROOT; };
		F8843BA48EFDE76951AF0BB4 /* Factory.swift */ = {isa = PBXFileReference; fileEncoding = 4; lastKnownFileType = sourcecode.swift; path = Factory.swift; sourceTree = "<group>"; };
		F8843BBA9F7B699712B42D5E /* Website.swift */ = {isa = PBXFileReference; fileEncoding = 4; lastKnownFileType = sourcecode.swift; path = Website.swift; sourceTree = "<group>"; };
		F8843D9001974B3B6EA201D1 /* PrimaryViewController.swift */ = {isa = PBXFileReference; fileEncoding = 4; lastKnownFileType = sourcecode.swift; path = PrimaryViewController.swift; sourceTree = "<group>"; };
		F8843F1772FFB019368DCCDC /* SplitViewController.swift */ = {isa = PBXFileReference; fileEncoding = 4; lastKnownFileType = sourcecode.swift; path = SplitViewController.swift; sourceTree = "<group>"; };
/* End PBXFileReference section */

/* Begin PBXFrameworksBuildPhase section */
		05B1A13D2874230600594847 /* Frameworks */ = {
			isa = PBXFrameworksBuildPhase;
			buildActionMask = 2147483647;
			files = (
			);
			runOnlyForDeploymentPostprocessing = 0;
		};
/* End PBXFrameworksBuildPhase section */

/* Begin PBXGroup section */
		05B1A1372874230600594847 = {
			isa = PBXGroup;
			children = (
				05B1A1422874230600594847 /* Web-Browser */,
				05B1A1412874230600594847 /* Products */,
			);
			sourceTree = "<group>";
		};
		05B1A1412874230600594847 /* Products */ = {
			isa = PBXGroup;
			children = (
				05B1A1402874230600594847 /* Web-Browser.app */,
			);
			name = Products;
			sourceTree = "<group>";
		};
		05B1A1422874230600594847 /* Web-Browser */ = {
			isa = PBXGroup;
			children = (
				C2DD00462877B86A00F20EEB /* CoreData */,
				05B1A14E2874230600594847 /* LaunchScreen.storyboard */,
				F884322BDA92CED4E843EC57 /* Supporting Files */,
				F8843667A94B201D2DB9D893 /* Scenes */,
				F884326C5D62E25B216C2F6F /* Application */,
				F8843E75F8EB64AE75A373AC /* Models */,
				F88434A4778CAB2D87A341C7 /* Helpers */,
			);
			path = "Web-Browser";
			sourceTree = "<group>";
		};
		C2DD00462877B86A00F20EEB /* CoreData */ = {
			isa = PBXGroup;
			children = (
				C2DD00472877B87D00F20EEB /* Model.xcdatamodeld */,
				615B4FB28A16B4955237CA8F /* CoreDataProvider.swift */,
				615B4DAF9160810EC600C1EE /* CoreDataStack.swift */,
			);
			path = CoreData;
			sourceTree = "<group>";
		};
		F88431CFE5C46391E6AE684A /* SecondaryViewController */ = {
			isa = PBXGroup;
			children = (
				F88432750B4C6A935AD1A307 /* SecondaryViewController.swift */,
			);
			path = SecondaryViewController;
			sourceTree = "<group>";
		};
		F884322BDA92CED4E843EC57 /* Supporting Files */ = {
			isa = PBXGroup;
			children = (
				F88439FB777C9172BA111ADD /* Assets.xcassets */,
				F8843B1DCC831C210B61E499 /* Info.plist */,
			);
			path = "Supporting Files";
			sourceTree = "<group>";
		};
		F884326C5D62E25B216C2F6F /* Application */ = {
			isa = PBXGroup;
			children = (
				F88436021A4CCC76D419DFCC /* AppDelegate.swift */,
				F8843ABEAA0E8C15F9DC4A11 /* SceneDelegate.swift */,
			);
			path = Application;
			sourceTree = "<group>";
		};
		F88434A4778CAB2D87A341C7 /* Helpers */ = {
			isa = PBXGroup;
			children = (
				F88438A12EDEBA85B735716E /* UIView+ext.swift */,
			);
			path = Helpers;
			sourceTree = "<group>";
		};
		F88435036A9D56D481AC5043 /* ViewControllers */ = {
			isa = PBXGroup;
			children = (
				F884390FC756E4CA409837A5 /* PrimaryViewController */,
				F88431CFE5C46391E6AE684A /* SecondaryViewController */,
				F884367C9AE4BB3435A43AE4 /* BaseViewController.swift */,
				F8843F1772FFB019368DCCDC /* SplitViewController.swift */,
				F8843B2ABFD1D3F5A1A9B756 /* Helpers */,
			);
			path = ViewControllers;
			sourceTree = "<group>";
		};
		F8843603254780ECAC669FFB /* TableView */ = {
			isa = PBXGroup;
			children = (
				F88439C9587C8A1708F73AAE /* TableViewCell */,
				F884383C1B527363065AE0C6 /* WebsiteTableViewDataManager */,
			);
			path = TableView;
			sourceTree = "<group>";
		};
		F8843667A94B201D2DB9D893 /* Scenes */ = {
			isa = PBXGroup;
			children = (
				F88435036A9D56D481AC5043 /* ViewControllers */,
				F8843BA48EFDE76951AF0BB4 /* Factory.swift */,
			);
			path = Scenes;
			sourceTree = "<group>";
		};
		F884383C1B527363065AE0C6 /* WebsiteTableViewDataManager */ = {
			isa = PBXGroup;
			children = (
				F88437D52E1EB117058EF75E /* TableViewDataSource.swift */,
				F8843A2211712D894ADFA42B /* TableViewDelegate.swift */,
			);
			path = WebsiteTableViewDataManager;
			sourceTree = "<group>";
		};
		F884390FC756E4CA409837A5 /* PrimaryViewController */ = {
			isa = PBXGroup;
			children = (
				F8843D9001974B3B6EA201D1 /* PrimaryViewController.swift */,
				F8843603254780ECAC669FFB /* TableView */,
			);
			path = PrimaryViewController;
			sourceTree = "<group>";
		};
		F88439C9587C8A1708F73AAE /* TableViewCell */ = {
			isa = PBXGroup;
			children = (
				F884394F9935F294AA55907E /* WebsiteTableViewCell.swift */,
			);
			path = TableViewCell;
			sourceTree = "<group>";
		};
		F8843B2ABFD1D3F5A1A9B756 /* Helpers */ = {
			isa = PBXGroup;
			children = (
				F88436383C74E87DC1407CCA /* AlertView.swift */,
			);
			path = Helpers;
			sourceTree = "<group>";
		};
		F8843E75F8EB64AE75A373AC /* Models */ = {
			isa = PBXGroup;
			children = (
				F8843BBA9F7B699712B42D5E /* Website.swift */,
			);
			path = Models;
			sourceTree = "<group>";
		};
/* End PBXGroup section */

/* Begin PBXNativeTarget section */
		05B1A13F2874230600594847 /* Web-Browser */ = {
			isa = PBXNativeTarget;
			buildConfigurationList = 05B1A1542874230600594847 /* Build configuration list for PBXNativeTarget "Web-Browser" */;
			buildPhases = (
				05B1A13C2874230600594847 /* Sources */,
				05B1A13D2874230600594847 /* Frameworks */,
				05B1A13E2874230600594847 /* Resources */,
			);
			buildRules = (
			);
			dependencies = (
			);
			name = "Web-Browser";
			productName = "Web-Browser";
			productReference = 05B1A1402874230600594847 /* Web-Browser.app */;
			productType = "com.apple.product-type.application";
		};
/* End PBXNativeTarget section */

/* Begin PBXProject section */
		05B1A1382874230600594847 /* Project object */ = {
			isa = PBXProject;
			attributes = {
				BuildIndependentTargetsInParallel = 1;
				LastSwiftUpdateCheck = 1340;
				LastUpgradeCheck = 1340;
				TargetAttributes = {
					05B1A13F2874230600594847 = {
						CreatedOnToolsVersion = 13.4.1;
					};
				};
			};
			buildConfigurationList = 05B1A13B2874230600594847 /* Build configuration list for PBXProject "Web-Browser" */;
			compatibilityVersion = "Xcode 13.0";
			developmentRegion = en;
			hasScannedForEncodings = 0;
			knownRegions = (
				en,
				Base,
			);
			mainGroup = 05B1A1372874230600594847;
			productRefGroup = 05B1A1412874230600594847 /* Products */;
			projectDirPath = "";
			projectRoot = "";
			targets = (
				05B1A13F2874230600594847 /* Web-Browser */,
			);
		};
/* End PBXProject section */

/* Begin PBXResourcesBuildPhase section */
		05B1A13E2874230600594847 /* Resources */ = {
			isa = PBXResourcesBuildPhase;
			buildActionMask = 2147483647;
			files = (
				05B1A1502874230600594847 /* LaunchScreen.storyboard in Resources */,
				F8843BC5A82ED11EFFAE8E7C /* Assets.xcassets in Resources */,
			);
			runOnlyForDeploymentPostprocessing = 0;
		};
/* End PBXResourcesBuildPhase section */

/* Begin PBXSourcesBuildPhase section */
		05B1A13C2874230600594847 /* Sources */ = {
			isa = PBXSourcesBuildPhase;
			buildActionMask = 2147483647;
			files = (
				F884310A79762D39EAC808A1 /* AppDelegate.swift in Sources */,
				F884390958B644E9F41F2BBF /* SceneDelegate.swift in Sources */,
				F88432DED497AA1A33A2D4BA /* PrimaryViewController.swift in Sources */,
				C2DD00492877B87D00F20EEB /* Model.xcdatamodeld in Sources */,
				F8843CAD181C59A4D455718C /* WebsiteTableViewCell.swift in Sources */,
				F884325765283BD59E9B4B54 /* TableViewDataSource.swift in Sources */,
				F88436B4CD4DF86B6FAA7C13 /* TableViewDelegate.swift in Sources */,
				F8843053FE45C3D0EA437CA5 /* SecondaryViewController.swift in Sources */,
				F88430C4B1E401F4FE1074AC /* Factory.swift in Sources */,
				F8843FFB187854832DAFD413 /* BaseViewController.swift in Sources */,
				F8843C5A3031302B513B9B62 /* SplitViewController.swift in Sources */,
				F88432619A954CC6659355A0 /* Website.swift in Sources */,
				F884334C05AF2DD976D0D5D3 /* UIView+ext.swift in Sources */,
				F8843D333E60D4FB70CC6010 /* AlertView.swift in Sources */,
				615B4DA81F5D1C81D78222B6 /* CoreDataProvider.swift in Sources */,
				615B4C4C6B2314C989D6BE6B /* CoreDataStack.swift in Sources */,
			);
			runOnlyForDeploymentPostprocessing = 0;
		};
/* End PBXSourcesBuildPhase section */

/* Begin PBXVariantGroup section */
		05B1A14E2874230600594847 /* LaunchScreen.storyboard */ = {
			isa = PBXVariantGroup;
			children = (
				05B1A14F2874230600594847 /* Base */,
			);
			name = LaunchScreen.storyboard;
			sourceTree = "<group>";
		};
/* End PBXVariantGroup section */

/* Begin XCBuildConfiguration section */
		05B1A1522874230600594847 /* Debug */ = {
			isa = XCBuildConfiguration;
			buildSettings = {
				ALWAYS_SEARCH_USER_PATHS = NO;
				CLANG_ANALYZER_NONNULL = YES;
				CLANG_ANALYZER_NUMBER_OBJECT_CONVERSION = YES_AGGRESSIVE;
				CLANG_CXX_LANGUAGE_STANDARD = "gnu++17";
				CLANG_ENABLE_MODULES = YES;
				CLANG_ENABLE_OBJC_ARC = YES;
				CLANG_ENABLE_OBJC_WEAK = YES;
				CLANG_WARN_BLOCK_CAPTURE_AUTORELEASING = YES;
				CLANG_WARN_BOOL_CONVERSION = YES;
				CLANG_WARN_COMMA = YES;
				CLANG_WARN_CONSTANT_CONVERSION = YES;
				CLANG_WARN_DEPRECATED_OBJC_IMPLEMENTATIONS = YES;
				CLANG_WARN_DIRECT_OBJC_ISA_USAGE = YES_ERROR;
				CLANG_WARN_DOCUMENTATION_COMMENTS = YES;
				CLANG_WARN_EMPTY_BODY = YES;
				CLANG_WARN_ENUM_CONVERSION = YES;
				CLANG_WARN_INFINITE_RECURSION = YES;
				CLANG_WARN_INT_CONVERSION = YES;
				CLANG_WARN_NON_LITERAL_NULL_CONVERSION = YES;
				CLANG_WARN_OBJC_IMPLICIT_RETAIN_SELF = YES;
				CLANG_WARN_OBJC_LITERAL_CONVERSION = YES;
				CLANG_WARN_OBJC_ROOT_CLASS = YES_ERROR;
				CLANG_WARN_QUOTED_INCLUDE_IN_FRAMEWORK_HEADER = YES;
				CLANG_WARN_RANGE_LOOP_ANALYSIS = YES;
				CLANG_WARN_STRICT_PROTOTYPES = YES;
				CLANG_WARN_SUSPICIOUS_MOVE = YES;
				CLANG_WARN_UNGUARDED_AVAILABILITY = YES_AGGRESSIVE;
				CLANG_WARN_UNREACHABLE_CODE = YES;
				CLANG_WARN__DUPLICATE_METHOD_MATCH = YES;
				COPY_PHASE_STRIP = NO;
				DEBUG_INFORMATION_FORMAT = dwarf;
				ENABLE_STRICT_OBJC_MSGSEND = YES;
				ENABLE_TESTABILITY = YES;
				GCC_C_LANGUAGE_STANDARD = gnu11;
				GCC_DYNAMIC_NO_PIC = NO;
				GCC_NO_COMMON_BLOCKS = YES;
				GCC_OPTIMIZATION_LEVEL = 0;
				GCC_PREPROCESSOR_DEFINITIONS = (
					"DEBUG=1",
					"$(inherited)",
				);
				GCC_WARN_64_TO_32_BIT_CONVERSION = YES;
				GCC_WARN_ABOUT_RETURN_TYPE = YES_ERROR;
				GCC_WARN_UNDECLARED_SELECTOR = YES;
				GCC_WARN_UNINITIALIZED_AUTOS = YES_AGGRESSIVE;
				GCC_WARN_UNUSED_FUNCTION = YES;
				GCC_WARN_UNUSED_VARIABLE = YES;
				IPHONEOS_DEPLOYMENT_TARGET = 15.5;
				MTL_ENABLE_DEBUG_INFO = INCLUDE_SOURCE;
				MTL_FAST_MATH = YES;
				ONLY_ACTIVE_ARCH = YES;
				SDKROOT = iphoneos;
				SWIFT_ACTIVE_COMPILATION_CONDITIONS = DEBUG;
				SWIFT_OPTIMIZATION_LEVEL = "-Onone";
			};
			name = Debug;
		};
		05B1A1532874230600594847 /* Release */ = {
			isa = XCBuildConfiguration;
			buildSettings = {
				ALWAYS_SEARCH_USER_PATHS = NO;
				CLANG_ANALYZER_NONNULL = YES;
				CLANG_ANALYZER_NUMBER_OBJECT_CONVERSION = YES_AGGRESSIVE;
				CLANG_CXX_LANGUAGE_STANDARD = "gnu++17";
				CLANG_ENABLE_MODULES = YES;
				CLANG_ENABLE_OBJC_ARC = YES;
				CLANG_ENABLE_OBJC_WEAK = YES;
				CLANG_WARN_BLOCK_CAPTURE_AUTORELEASING = YES;
				CLANG_WARN_BOOL_CONVERSION = YES;
				CLANG_WARN_COMMA = YES;
				CLANG_WARN_CONSTANT_CONVERSION = YES;
				CLANG_WARN_DEPRECATED_OBJC_IMPLEMENTATIONS = YES;
				CLANG_WARN_DIRECT_OBJC_ISA_USAGE = YES_ERROR;
				CLANG_WARN_DOCUMENTATION_COMMENTS = YES;
				CLANG_WARN_EMPTY_BODY = YES;
				CLANG_WARN_ENUM_CONVERSION = YES;
				CLANG_WARN_INFINITE_RECURSION = YES;
				CLANG_WARN_INT_CONVERSION = YES;
				CLANG_WARN_NON_LITERAL_NULL_CONVERSION = YES;
				CLANG_WARN_OBJC_IMPLICIT_RETAIN_SELF = YES;
				CLANG_WARN_OBJC_LITERAL_CONVERSION = YES;
				CLANG_WARN_OBJC_ROOT_CLASS = YES_ERROR;
				CLANG_WARN_QUOTED_INCLUDE_IN_FRAMEWORK_HEADER = YES;
				CLANG_WARN_RANGE_LOOP_ANALYSIS = YES;
				CLANG_WARN_STRICT_PROTOTYPES = YES;
				CLANG_WARN_SUSPICIOUS_MOVE = YES;
				CLANG_WARN_UNGUARDED_AVAILABILITY = YES_AGGRESSIVE;
				CLANG_WARN_UNREACHABLE_CODE = YES;
				CLANG_WARN__DUPLICATE_METHOD_MATCH = YES;
				COPY_PHASE_STRIP = NO;
				DEBUG_INFORMATION_FORMAT = "dwarf-with-dsym";
				ENABLE_NS_ASSERTIONS = NO;
				ENABLE_STRICT_OBJC_MSGSEND = YES;
				GCC_C_LANGUAGE_STANDARD = gnu11;
				GCC_NO_COMMON_BLOCKS = YES;
				GCC_WARN_64_TO_32_BIT_CONVERSION = YES;
				GCC_WARN_ABOUT_RETURN_TYPE = YES_ERROR;
				GCC_WARN_UNDECLARED_SELECTOR = YES;
				GCC_WARN_UNINITIALIZED_AUTOS = YES_AGGRESSIVE;
				GCC_WARN_UNUSED_FUNCTION = YES;
				GCC_WARN_UNUSED_VARIABLE = YES;
				IPHONEOS_DEPLOYMENT_TARGET = 15.5;
				MTL_ENABLE_DEBUG_INFO = NO;
				MTL_FAST_MATH = YES;
				SDKROOT = iphoneos;
				SWIFT_COMPILATION_MODE = wholemodule;
				SWIFT_OPTIMIZATION_LEVEL = "-O";
				VALIDATE_PRODUCT = YES;
			};
			name = Release;
		};
		05B1A1552874230600594847 /* Debug */ = {
			isa = XCBuildConfiguration;
			buildSettings = {
				ASSETCATALOG_COMPILER_APPICON_NAME = AppIcon;
				ASSETCATALOG_COMPILER_GLOBAL_ACCENT_COLOR_NAME = AccentColor;
				CODE_SIGN_STYLE = Automatic;
				CURRENT_PROJECT_VERSION = 1;
				DEVELOPMENT_TEAM = X4FJ736MWC;
				GENERATE_INFOPLIST_FILE = YES;
				INFOPLIST_FILE = "Web-Browser/Supporting Files/Info.plist";
				INFOPLIST_KEY_UIApplicationSupportsIndirectInputEvents = YES;
				INFOPLIST_KEY_UILaunchStoryboardName = LaunchScreen;
				INFOPLIST_KEY_UISupportedInterfaceOrientations = "";
				INFOPLIST_KEY_UISupportedInterfaceOrientations_iPad = "UIInterfaceOrientationLandscapeLeft UIInterfaceOrientationLandscapeRight UIInterfaceOrientationPortrait";
				INFOPLIST_KEY_UISupportedInterfaceOrientations_iPhone = "UIInterfaceOrientationPortrait UIInterfaceOrientationLandscapeLeft UIInterfaceOrientationLandscapeRight";
				LD_RUNPATH_SEARCH_PATHS = (
					"$(inherited)",
					"@executable_path/Frameworks",
				);
				MARKETING_VERSION = 1.0;
				PRODUCT_BUNDLE_IDENTIFIER = "zlmnv.Web-Browser";
				PRODUCT_NAME = "$(TARGET_NAME)";
				SWIFT_EMIT_LOC_STRINGS = YES;
				SWIFT_VERSION = 5.0;
				TARGETED_DEVICE_FAMILY = 2;
			};
			name = Debug;
		};
		05B1A1562874230600594847 /* Release */ = {
			isa = XCBuildConfiguration;
			buildSettings = {
				ASSETCATALOG_COMPILER_APPICON_NAME = AppIcon;
				ASSETCATALOG_COMPILER_GLOBAL_ACCENT_COLOR_NAME = AccentColor;
				CODE_SIGN_STYLE = Automatic;
				CURRENT_PROJECT_VERSION = 1;
				DEVELOPMENT_TEAM = X4FJ736MWC;
				GENERATE_INFOPLIST_FILE = YES;
				INFOPLIST_FILE = "Web-Browser/Supporting Files/Info.plist";
				INFOPLIST_KEY_UIApplicationSupportsIndirectInputEvents = YES;
				INFOPLIST_KEY_UILaunchStoryboardName = LaunchScreen;
				INFOPLIST_KEY_UISupportedInterfaceOrientations = "";
				INFOPLIST_KEY_UISupportedInterfaceOrientations_iPad = "UIInterfaceOrientationLandscapeLeft UIInterfaceOrientationLandscapeRight UIInterfaceOrientationPortrait";
				INFOPLIST_KEY_UISupportedInterfaceOrientations_iPhone = "UIInterfaceOrientationPortrait UIInterfaceOrientationLandscapeLeft UIInterfaceOrientationLandscapeRight";
				LD_RUNPATH_SEARCH_PATHS = (
					"$(inherited)",
					"@executable_path/Frameworks",
				);
				MARKETING_VERSION = 1.0;
				PRODUCT_BUNDLE_IDENTIFIER = "zlmnv.Web-Browser";
				PRODUCT_NAME = "$(TARGET_NAME)";
				SWIFT_EMIT_LOC_STRINGS = YES;
				SWIFT_VERSION = 5.0;
				TARGETED_DEVICE_FAMILY = 2;
			};
			name = Release;
		};
/* End XCBuildConfiguration section */

/* Begin XCConfigurationList section */
		05B1A13B2874230600594847 /* Build configuration list for PBXProject "Web-Browser" */ = {
			isa = XCConfigurationList;
			buildConfigurations = (
				05B1A1522874230600594847 /* Debug */,
				05B1A1532874230600594847 /* Release */,
			);
			defaultConfigurationIsVisible = 0;
			defaultConfigurationName = Release;
		};
		05B1A1542874230600594847 /* Build configuration list for PBXNativeTarget "Web-Browser" */ = {
			isa = XCConfigurationList;
			buildConfigurations = (
				05B1A1552874230600594847 /* Debug */,
				05B1A1562874230600594847 /* Release */,
			);
			defaultConfigurationIsVisible = 0;
			defaultConfigurationName = Release;
		};
/* End XCConfigurationList section */

/* Begin XCVersionGroup section */
		C2DD00472877B87D00F20EEB /* Model.xcdatamodeld */ = {
			isa = XCVersionGroup;
			children = (
				C2DD00482877B87D00F20EEB /* Model.xcdatamodel */,
			);
			currentVersion = C2DD00482877B87D00F20EEB /* Model.xcdatamodel */;
			path = Model.xcdatamodeld;
			sourceTree = "<group>";
			versionGroupType = wrapper.xcdatamodel;
		};
/* End XCVersionGroup section */
	};
	rootObject = 05B1A1382874230600594847 /* Project object */;
}
